
Microsoft Visual Studio Solution File, Format Version 12.00
# Visual Studio Version 17
VisualStudioVersion = 17.2.32630.192
MinimumVisualStudioVersion = 10.0.40219.1
Project("{FAE04EC0-301F-11D3-BF4B-00C04F79EFBC}") = "Sets", "Sets\Sets.csproj", "{64B2EB40-4640-4D93-A519-DCEEC6CF3403}"
EndProject
Global
	GlobalSection(SolutionConfigurationPlatforms) = preSolution
		Debug|Any CPU = Debug|Any CPU
		Release|Any CPU = Release|Any CPU
	EndGlobalSection
	GlobalSection(ProjectConfigurationPlatforms) = postSolution
		{64B2EB40-4640-4D93-A519-DCEEC6CF3403}.Debug|Any CPU.ActiveCfg = Debug|Any CPU
		{64B2EB40-4640-4D93-A519-DCEEC6CF3403}.Debug|Any CPU.Build.0 = Debug|Any CPU
		{64B2EB40-4640-4D93-A519-DCEEC6CF3403}.Release|Any CPU.ActiveCfg = Release|Any CPU
		{64B2EB40-4640-4D93-A519-DCEEC6CF3403}.Release|Any CPU.Build.0 = Release|Any CPU
	EndGlobalSection
	GlobalSection(SolutionProperties) = preSolution
		HideSolutionNode = FALSE
	EndGlobalSection
	GlobalSection(ExtensibilityGlobals) = postSolution
		SolutionGuid = {A7AEE765-F49A-4B3F-A480-1545711D733A}
	EndGlobalSection
EndGlobal
